// !$*UTF8*$!
{
	archiveVersion = 1;
	classes = {
	};
	objectVersion = 48;
	objects = {

/* Begin PBXBuildFile section */
		96037811205D8C3300232CC7 /* QueueTests.swift in Sources */ = {isa = PBXBuildFile; fileRef = 96037810205D8C3300232CC7 /* QueueTests.swift */; };
		96037814205D9EC900232CC7 /* Utils.swift in Sources */ = {isa = PBXBuildFile; fileRef = 96037813205D9EC900232CC7 /* Utils.swift */; };
		96217F55210F3F4A001AEC06 /* InsertionSort.swift in Sources */ = {isa = PBXBuildFile; fileRef = 96217F54210F3F4A001AEC06 /* InsertionSort.swift */; };
		96217F59210F45C4001AEC06 /* BaseTest.swift in Sources */ = {isa = PBXBuildFile; fileRef = 96217F58210F45C4001AEC06 /* BaseTest.swift */; };
		96217F882110C1FC001AEC06 /* BinarySearch.swift in Sources */ = {isa = PBXBuildFile; fileRef = 96217F872110C1FC001AEC06 /* BinarySearch.swift */; };
		96217F8A2110C20E001AEC06 /* Search.swift in Sources */ = {isa = PBXBuildFile; fileRef = 96217F892110C20E001AEC06 /* Search.swift */; };
		96217F8C2110C928001AEC06 /* SearchTests.swift in Sources */ = {isa = PBXBuildFile; fileRef = 96217F8B2110C928001AEC06 /* SearchTests.swift */; };
		96217F9021136B25001AEC06 /* BinarySearchTree.swift in Sources */ = {isa = PBXBuildFile; fileRef = 96217F8F21136B25001AEC06 /* BinarySearchTree.swift */; };
		96217F9221136B44001AEC06 /* BinaryTree.swift in Sources */ = {isa = PBXBuildFile; fileRef = 96217F9121136B44001AEC06 /* BinaryTree.swift */; };
		96595932205D88C2009EF77D /* AppDelegate.swift in Sources */ = {isa = PBXBuildFile; fileRef = 96595931205D88C2009EF77D /* AppDelegate.swift */; };
		96595934205D88C2009EF77D /* ViewController.swift in Sources */ = {isa = PBXBuildFile; fileRef = 96595933205D88C2009EF77D /* ViewController.swift */; };
		96595937205D88C2009EF77D /* Main.storyboard in Resources */ = {isa = PBXBuildFile; fileRef = 96595935205D88C2009EF77D /* Main.storyboard */; };
		96595939205D88C2009EF77D /* Assets.xcassets in Resources */ = {isa = PBXBuildFile; fileRef = 96595938205D88C2009EF77D /* Assets.xcassets */; };
		9659593C205D88C2009EF77D /* LaunchScreen.storyboard in Resources */ = {isa = PBXBuildFile; fileRef = 9659593A205D88C2009EF77D /* LaunchScreen.storyboard */; };
		96595947205D88C2009EF77D /* AlgorithmsTests.swift in Sources */ = {isa = PBXBuildFile; fileRef = 96595946205D88C2009EF77D /* AlgorithmsTests.swift */; };
		96595953205D891E009EF77D /* Queue.swift in Sources */ = {isa = PBXBuildFile; fileRef = 96595952205D891E009EF77D /* Queue.swift */; };
		96595955205D892D009EF77D /* Stack.swift in Sources */ = {isa = PBXBuildFile; fileRef = 96595954205D892D009EF77D /* Stack.swift */; };
		96BD54002108041D003AE5DA /* Sort.swift in Sources */ = {isa = PBXBuildFile; fileRef = 96BD53FF2108041D003AE5DA /* Sort.swift */; };
		96BD540221082682003AE5DA /* list.json in Resources */ = {isa = PBXBuildFile; fileRef = 96BD540121082682003AE5DA /* list.json */; };
		96FB0554211B5C8A00DDCF08 /* MergeSort.swift in Sources */ = {isa = PBXBuildFile; fileRef = 96FB0553211B5C8A00DDCF08 /* MergeSort.swift */; };
/* End PBXBuildFile section */

/* Begin PBXContainerItemProxy section */
		96595943205D88C2009EF77D /* PBXContainerItemProxy */ = {
			isa = PBXContainerItemProxy;
			containerPortal = 96595926205D88C2009EF77D /* Project object */;
			proxyType = 1;
			remoteGlobalIDString = 9659592D205D88C2009EF77D;
			remoteInfo = Algorithms;
		};
/* End PBXContainerItemProxy section */

/* Begin PBXFileReference section */
		96037810205D8C3300232CC7 /* QueueTests.swift */ = {isa = PBXFileReference; lastKnownFileType = sourcecode.swift; path = QueueTests.swift; sourceTree = "<group>"; };
		96037813205D9EC900232CC7 /* Utils.swift */ = {isa = PBXFileReference; lastKnownFileType = sourcecode.swift; path = Utils.swift; sourceTree = "<group>"; };
		96217F54210F3F4A001AEC06 /* InsertionSort.swift */ = {isa = PBXFileReference; lastKnownFileType = sourcecode.swift; path = InsertionSort.swift; sourceTree = "<group>"; };
		96217F58210F45C4001AEC06 /* BaseTest.swift */ = {isa = PBXFileReference; lastKnownFileType = sourcecode.swift; path = BaseTest.swift; sourceTree = "<group>"; };
		96217F872110C1FC001AEC06 /* BinarySearch.swift */ = {isa = PBXFileReference; lastKnownFileType = sourcecode.swift; path = BinarySearch.swift; sourceTree = "<group>"; };
		96217F892110C20E001AEC06 /* Search.swift */ = {isa = PBXFileReference; lastKnownFileType = sourcecode.swift; path = Search.swift; sourceTree = "<group>"; };
		96217F8B2110C928001AEC06 /* SearchTests.swift */ = {isa = PBXFileReference; lastKnownFileType = sourcecode.swift; path = SearchTests.swift; sourceTree = "<group>"; };
		96217F8F21136B25001AEC06 /* BinarySearchTree.swift */ = {isa = PBXFileReference; lastKnownFileType = sourcecode.swift; path = BinarySearchTree.swift; sourceTree = "<group>"; };
		96217F9121136B44001AEC06 /* BinaryTree.swift */ = {isa = PBXFileReference; lastKnownFileType = sourcecode.swift; path = BinaryTree.swift; sourceTree = "<group>"; };
		9659592E205D88C2009EF77D /* Algorithms.app */ = {isa = PBXFileReference; explicitFileType = wrapper.application; includeInIndex = 0; path = Algorithms.app; sourceTree = BUILT_PRODUCTS_DIR; };
		96595931205D88C2009EF77D /* AppDelegate.swift */ = {isa = PBXFileReference; lastKnownFileType = sourcecode.swift; path = AppDelegate.swift; sourceTree = "<group>"; };
		96595933205D88C2009EF77D /* ViewController.swift */ = {isa = PBXFileReference; lastKnownFileType = sourcecode.swift; path = ViewController.swift; sourceTree = "<group>"; };
		96595936205D88C2009EF77D /* Base */ = {isa = PBXFileReference; lastKnownFileType = file.storyboard; name = Base; path = Base.lproj/Main.storyboard; sourceTree = "<group>"; };
		96595938205D88C2009EF77D /* Assets.xcassets */ = {isa = PBXFileReference; lastKnownFileType = folder.assetcatalog; path = Assets.xcassets; sourceTree = "<group>"; };
		9659593B205D88C2009EF77D /* Base */ = {isa = PBXFileReference; lastKnownFileType = file.storyboard; name = Base; path = Base.lproj/LaunchScreen.storyboard; sourceTree = "<group>"; };
		9659593D205D88C2009EF77D /* Info.plist */ = {isa = PBXFileReference; lastKnownFileType = text.plist.xml; path = Info.plist; sourceTree = "<group>"; };
		96595942205D88C2009EF77D /* AlgorithmsTests.xctest */ = {isa = PBXFileReference; explicitFileType = wrapper.cfbundle; includeInIndex = 0; path = AlgorithmsTests.xctest; sourceTree = BUILT_PRODUCTS_DIR; };
		96595946205D88C2009EF77D /* AlgorithmsTests.swift */ = {isa = PBXFileReference; lastKnownFileType = sourcecode.swift; path = AlgorithmsTests.swift; sourceTree = "<group>"; };
		96595948205D88C2009EF77D /* Info.plist */ = {isa = PBXFileReference; lastKnownFileType = text.plist.xml; path = Info.plist; sourceTree = "<group>"; };
		96595952205D891E009EF77D /* Queue.swift */ = {isa = PBXFileReference; lastKnownFileType = sourcecode.swift; path = Queue.swift; sourceTree = "<group>"; };
		96595954205D892D009EF77D /* Stack.swift */ = {isa = PBXFileReference; lastKnownFileType = sourcecode.swift; path = Stack.swift; sourceTree = "<group>"; };
		96BD53FF2108041D003AE5DA /* Sort.swift */ = {isa = PBXFileReference; lastKnownFileType = sourcecode.swift; path = Sort.swift; sourceTree = "<group>"; };
		96BD540121082682003AE5DA /* list.json */ = {isa = PBXFileReference; lastKnownFileType = text.json; path = list.json; sourceTree = "<group>"; };
		96FB0553211B5C8A00DDCF08 /* MergeSort.swift */ = {isa = PBXFileReference; lastKnownFileType = sourcecode.swift; path = MergeSort.swift; sourceTree = "<group>"; };
/* End PBXFileReference section */

/* Begin PBXFrameworksBuildPhase section */
		9659592B205D88C2009EF77D /* Frameworks */ = {
			isa = PBXFrameworksBuildPhase;
			buildActionMask = 2147483647;
			files = (
			);
			runOnlyForDeploymentPostprocessing = 0;
		};
		9659593F205D88C2009EF77D /* Frameworks */ = {
			isa = PBXFrameworksBuildPhase;
			buildActionMask = 2147483647;
			files = (
			);
			runOnlyForDeploymentPostprocessing = 0;
		};
/* End PBXFrameworksBuildPhase section */

/* Begin PBXGroup section */
		96037812205D9EBD00232CC7 /* Utils */ = {
			isa = PBXGroup;
			children = (
				96037813205D9EC900232CC7 /* Utils.swift */,
			);
			path = Utils;
			sourceTree = "<group>";
		};
		96217F56210F4402001AEC06 /* JSONS */ = {
			isa = PBXGroup;
			children = (
				96BD540121082682003AE5DA /* list.json */,
			);
			path = JSONS;
			sourceTree = "<group>";
		};
		96217F57210F4412001AEC06 /* Mocks */ = {
			isa = PBXGroup;
			children = (
				96217F56210F4402001AEC06 /* JSONS */,
			);
			path = Mocks;
			sourceTree = "<group>";
		};
		96217F862110C1E1001AEC06 /* Searchs */ = {
			isa = PBXGroup;
			children = (
				96217F892110C20E001AEC06 /* Search.swift */,
				96217F872110C1FC001AEC06 /* BinarySearch.swift */,
				96217F8F21136B25001AEC06 /* BinarySearchTree.swift */,
			);
			path = Searchs;
			sourceTree = "<group>";
		};
		96595925205D88C2009EF77D = {
			isa = PBXGroup;
			children = (
				96595930205D88C2009EF77D /* Algorithms */,
				96595945205D88C2009EF77D /* AlgorithmsTests */,
				9659592F205D88C2009EF77D /* Products */,
			);
			sourceTree = "<group>";
		};
		9659592F205D88C2009EF77D /* Products */ = {
			isa = PBXGroup;
			children = (
				9659592E205D88C2009EF77D /* Algorithms.app */,
				96595942205D88C2009EF77D /* AlgorithmsTests.xctest */,
			);
			name = Products;
			sourceTree = "<group>";
		};
		96595930205D88C2009EF77D /* Algorithms */ = {
			isa = PBXGroup;
			children = (
				96BD53FC210803E2003AE5DA /* Views */,
				96037812205D9EBD00232CC7 /* Utils */,
				96217F862110C1E1001AEC06 /* Searchs */,
				96BD53FE21080409003AE5DA /* Sorts */,
				96595951205D88D7009EF77D /* DataStructures */,
				96595931205D88C2009EF77D /* AppDelegate.swift */,
				96595938205D88C2009EF77D /* Assets.xcassets */,
				9659593D205D88C2009EF77D /* Info.plist */,
			);
			path = Algorithms;
			sourceTree = "<group>";
		};
		96595945205D88C2009EF77D /* AlgorithmsTests */ = {
			isa = PBXGroup;
			children = (
				96217F57210F4412001AEC06 /* Mocks */,
				96037810205D8C3300232CC7 /* QueueTests.swift */,
				96595946205D88C2009EF77D /* AlgorithmsTests.swift */,
				96595948205D88C2009EF77D /* Info.plist */,
				96217F58210F45C4001AEC06 /* BaseTest.swift */,
				96217F8B2110C928001AEC06 /* SearchTests.swift */,
			);
			path = AlgorithmsTests;
			sourceTree = "<group>";
		};
		96595951205D88D7009EF77D /* DataStructures */ = {
			isa = PBXGroup;
			children = (
				96595952205D891E009EF77D /* Queue.swift */,
				96595954205D892D009EF77D /* Stack.swift */,
				96217F9121136B44001AEC06 /* BinaryTree.swift */,
			);
			path = DataStructures;
			sourceTree = "<group>";
		};
		96BD53FC210803E2003AE5DA /* Views */ = {
			isa = PBXGroup;
			children = (
				96BD53FD210803EF003AE5DA /* Storyboards */,
				96595933205D88C2009EF77D /* ViewController.swift */,
			);
			path = Views;
			sourceTree = "<group>";
		};
		96BD53FD210803EF003AE5DA /* Storyboards */ = {
			isa = PBXGroup;
			children = (
				9659593A205D88C2009EF77D /* LaunchScreen.storyboard */,
				96595935205D88C2009EF77D /* Main.storyboard */,
			);
			path = Storyboards;
			sourceTree = "<group>";
		};
		96BD53FE21080409003AE5DA /* Sorts */ = {
			isa = PBXGroup;
			children = (
				96BD53FF2108041D003AE5DA /* Sort.swift */,
				96217F54210F3F4A001AEC06 /* InsertionSort.swift */,
				96FB0553211B5C8A00DDCF08 /* MergeSort.swift */,
			);
			path = Sorts;
			sourceTree = "<group>";
		};
/* End PBXGroup section */

/* Begin PBXNativeTarget section */
		9659592D205D88C2009EF77D /* Algorithms */ = {
			isa = PBXNativeTarget;
			buildConfigurationList = 9659594B205D88C2009EF77D /* Build configuration list for PBXNativeTarget "Algorithms" */;
			buildPhases = (
				9659592A205D88C2009EF77D /* Sources */,
				9659592B205D88C2009EF77D /* Frameworks */,
				9659592C205D88C2009EF77D /* Resources */,
			);
			buildRules = (
			);
			dependencies = (
			);
			name = Algorithms;
			productName = Algorithms;
			productReference = 9659592E205D88C2009EF77D /* Algorithms.app */;
			productType = "com.apple.product-type.application";
		};
		96595941205D88C2009EF77D /* AlgorithmsTests */ = {
			isa = PBXNativeTarget;
			buildConfigurationList = 9659594E205D88C2009EF77D /* Build configuration list for PBXNativeTarget "AlgorithmsTests" */;
			buildPhases = (
				9659593E205D88C2009EF77D /* Sources */,
				9659593F205D88C2009EF77D /* Frameworks */,
				96595940205D88C2009EF77D /* Resources */,
			);
			buildRules = (
			);
			dependencies = (
				96595944205D88C2009EF77D /* PBXTargetDependency */,
			);
			name = AlgorithmsTests;
			productName = AlgorithmsTests;
			productReference = 96595942205D88C2009EF77D /* AlgorithmsTests.xctest */;
			productType = "com.apple.product-type.bundle.unit-test";
		};
/* End PBXNativeTarget section */

/* Begin PBXProject section */
		96595926205D88C2009EF77D /* Project object */ = {
			isa = PBXProject;
			attributes = {
				LastSwiftUpdateCheck = 0920;
				LastUpgradeCheck = 0920;
				ORGANIZATIONNAME = "Santiago Carmona Gonzalez";
				TargetAttributes = {
					9659592D205D88C2009EF77D = {
						CreatedOnToolsVersion = 9.2;
						ProvisioningStyle = Automatic;
					};
					96595941205D88C2009EF77D = {
						CreatedOnToolsVersion = 9.2;
						ProvisioningStyle = Automatic;
						TestTargetID = 9659592D205D88C2009EF77D;
					};
				};
			};
			buildConfigurationList = 96595929205D88C2009EF77D /* Build configuration list for PBXProject "Algorithms" */;
			compatibilityVersion = "Xcode 8.0";
			developmentRegion = en;
			hasScannedForEncodings = 0;
			knownRegions = (
				en,
				Base,
			);
			mainGroup = 96595925205D88C2009EF77D;
			productRefGroup = 9659592F205D88C2009EF77D /* Products */;
			projectDirPath = "";
			projectRoot = "";
			targets = (
				9659592D205D88C2009EF77D /* Algorithms */,
				96595941205D88C2009EF77D /* AlgorithmsTests */,
			);
		};
/* End PBXProject section */

/* Begin PBXResourcesBuildPhase section */
		9659592C205D88C2009EF77D /* Resources */ = {
			isa = PBXResourcesBuildPhase;
			buildActionMask = 2147483647;
			files = (
				9659593C205D88C2009EF77D /* LaunchScreen.storyboard in Resources */,
				96595939205D88C2009EF77D /* Assets.xcassets in Resources */,
				96595937205D88C2009EF77D /* Main.storyboard in Resources */,
			);
			runOnlyForDeploymentPostprocessing = 0;
		};
		96595940205D88C2009EF77D /* Resources */ = {
			isa = PBXResourcesBuildPhase;
			buildActionMask = 2147483647;
			files = (
				96BD540221082682003AE5DA /* list.json in Resources */,
			);
			runOnlyForDeploymentPostprocessing = 0;
		};
/* End PBXResourcesBuildPhase section */

/* Begin PBXSourcesBuildPhase section */
		9659592A205D88C2009EF77D /* Sources */ = {
			isa = PBXSourcesBuildPhase;
			buildActionMask = 2147483647;
			files = (
				96217F8A2110C20E001AEC06 /* Search.swift in Sources */,
				96217F882110C1FC001AEC06 /* BinarySearch.swift in Sources */,
				96037814205D9EC900232CC7 /* Utils.swift in Sources */,
				96595955205D892D009EF77D /* Stack.swift in Sources */,
				96217F9021136B25001AEC06 /* BinarySearchTree.swift in Sources */,
				96595934205D88C2009EF77D /* ViewController.swift in Sources */,
				96FB0554211B5C8A00DDCF08 /* MergeSort.swift in Sources */,
				96217F9221136B44001AEC06 /* BinaryTree.swift in Sources */,
				96217F55210F3F4A001AEC06 /* InsertionSort.swift in Sources */,
				96BD54002108041D003AE5DA /* Sort.swift in Sources */,
				96595953205D891E009EF77D /* Queue.swift in Sources */,
				96595932205D88C2009EF77D /* AppDelegate.swift in Sources */,
			);
			runOnlyForDeploymentPostprocessing = 0;
		};
		9659593E205D88C2009EF77D /* Sources */ = {
			isa = PBXSourcesBuildPhase;
			buildActionMask = 2147483647;
			files = (
				96595947205D88C2009EF77D /* AlgorithmsTests.swift in Sources */,
				96217F8C2110C928001AEC06 /* SearchTests.swift in Sources */,
				96217F59210F45C4001AEC06 /* BaseTest.swift in Sources */,
				96037811205D8C3300232CC7 /* QueueTests.swift in Sources */,
			);
			runOnlyForDeploymentPostprocessing = 0;
		};
/* End PBXSourcesBuildPhase section */

/* Begin PBXTargetDependency section */
		96595944205D88C2009EF77D /* PBXTargetDependency */ = {
			isa = PBXTargetDependency;
			target = 9659592D205D88C2009EF77D /* Algorithms */;
			targetProxy = 96595943205D88C2009EF77D /* PBXContainerItemProxy */;
		};
/* End PBXTargetDependency section */

/* Begin PBXVariantGroup section */
		96595935205D88C2009EF77D /* Main.storyboard */ = {
			isa = PBXVariantGroup;
			children = (
				96595936205D88C2009EF77D /* Base */,
			);
			name = Main.storyboard;
			sourceTree = "<group>";
		};
		9659593A205D88C2009EF77D /* LaunchScreen.storyboard */ = {
			isa = PBXVariantGroup;
			children = (
				9659593B205D88C2009EF77D /* Base */,
			);
			name = LaunchScreen.storyboard;
			sourceTree = "<group>";
		};
/* End PBXVariantGroup section */

/* Begin XCBuildConfiguration section */
		96595949205D88C2009EF77D /* Debug */ = {
			isa = XCBuildConfiguration;
			buildSettings = {
				ALWAYS_SEARCH_USER_PATHS = NO;
				CLANG_ANALYZER_NONNULL = YES;
				CLANG_ANALYZER_NUMBER_OBJECT_CONVERSION = YES_AGGRESSIVE;
				CLANG_CXX_LANGUAGE_STANDARD = "gnu++14";
				CLANG_CXX_LIBRARY = "libc++";
				CLANG_ENABLE_MODULES = YES;
				CLANG_ENABLE_OBJC_ARC = YES;
				CLANG_WARN_BLOCK_CAPTURE_AUTORELEASING = YES;
				CLANG_WARN_BOOL_CONVERSION = YES;
				CLANG_WARN_COMMA = YES;
				CLANG_WARN_CONSTANT_CONVERSION = YES;
				CLANG_WARN_DIRECT_OBJC_ISA_USAGE = YES_ERROR;
				CLANG_WARN_DOCUMENTATION_COMMENTS = YES;
				CLANG_WARN_EMPTY_BODY = YES;
				CLANG_WARN_ENUM_CONVERSION = YES;
				CLANG_WARN_INFINITE_RECURSION = YES;
				CLANG_WARN_INT_CONVERSION = YES;
				CLANG_WARN_NON_LITERAL_NULL_CONVERSION = YES;
				CLANG_WARN_OBJC_LITERAL_CONVERSION = YES;
				CLANG_WARN_OBJC_ROOT_CLASS = YES_ERROR;
				CLANG_WARN_RANGE_LOOP_ANALYSIS = YES;
				CLANG_WARN_STRICT_PROTOTYPES = YES;
				CLANG_WARN_SUSPICIOUS_MOVE = YES;
				CLANG_WARN_UNGUARDED_AVAILABILITY = YES_AGGRESSIVE;
				CLANG_WARN_UNREACHABLE_CODE = YES;
				CLANG_WARN__DUPLICATE_METHOD_MATCH = YES;
				CODE_SIGN_IDENTITY = "iPhone Developer";
				COPY_PHASE_STRIP = NO;
				DEBUG_INFORMATION_FORMAT = dwarf;
				ENABLE_STRICT_OBJC_MSGSEND = YES;
				ENABLE_TESTABILITY = YES;
				GCC_C_LANGUAGE_STANDARD = gnu11;
				GCC_DYNAMIC_NO_PIC = NO;
				GCC_NO_COMMON_BLOCKS = YES;
				GCC_OPTIMIZATION_LEVEL = 0;
				GCC_PREPROCESSOR_DEFINITIONS = (
					"DEBUG=1",
					"$(inherited)",
				);
				GCC_WARN_64_TO_32_BIT_CONVERSION = YES;
				GCC_WARN_ABOUT_RETURN_TYPE = YES_ERROR;
				GCC_WARN_UNDECLARED_SELECTOR = YES;
				GCC_WARN_UNINITIALIZED_AUTOS = YES_AGGRESSIVE;
				GCC_WARN_UNUSED_FUNCTION = YES;
				GCC_WARN_UNUSED_VARIABLE = YES;
				IPHONEOS_DEPLOYMENT_TARGET = 11.2;
				MTL_ENABLE_DEBUG_INFO = YES;
				ONLY_ACTIVE_ARCH = YES;
				SDKROOT = iphoneos;
				SWIFT_ACTIVE_COMPILATION_CONDITIONS = DEBUG;
				SWIFT_OPTIMIZATION_LEVEL = "-Onone";
			};
			name = Debug;
		};
		9659594A205D88C2009EF77D /* Release */ = {
			isa = XCBuildConfiguration;
			buildSettings = {
				ALWAYS_SEARCH_USER_PATHS = NO;
				CLANG_ANALYZER_NONNULL = YES;
				CLANG_ANALYZER_NUMBER_OBJECT_CONVERSION = YES_AGGRESSIVE;
				CLANG_CXX_LANGUAGE_STANDARD = "gnu++14";
				CLANG_CXX_LIBRARY = "libc++";
				CLANG_ENABLE_MODULES = YES;
				CLANG_ENABLE_OBJC_ARC = YES;
				CLANG_WARN_BLOCK_CAPTURE_AUTORELEASING = YES;
				CLANG_WARN_BOOL_CONVERSION = YES;
				CLANG_WARN_COMMA = YES;
				CLANG_WARN_CONSTANT_CONVERSION = YES;
				CLANG_WARN_DIRECT_OBJC_ISA_USAGE = YES_ERROR;
				CLANG_WARN_DOCUMENTATION_COMMENTS = YES;
				CLANG_WARN_EMPTY_BODY = YES;
				CLANG_WARN_ENUM_CONVERSION = YES;
				CLANG_WARN_INFINITE_RECURSION = YES;
				CLANG_WARN_INT_CONVERSION = YES;
				CLANG_WARN_NON_LITERAL_NULL_CONVERSION = YES;
				CLANG_WARN_OBJC_LITERAL_CONVERSION = YES;
				CLANG_WARN_OBJC_ROOT_CLASS = YES_ERROR;
				CLANG_WARN_RANGE_LOOP_ANALYSIS = YES;
				CLANG_WARN_STRICT_PROTOTYPES = YES;
				CLANG_WARN_SUSPICIOUS_MOVE = YES;
				CLANG_WARN_UNGUARDED_AVAILABILITY = YES_AGGRESSIVE;
				CLANG_WARN_UNREACHABLE_CODE = YES;
				CLANG_WARN__DUPLICATE_METHOD_MATCH = YES;
				CODE_SIGN_IDENTITY = "iPhone Developer";
				COPY_PHASE_STRIP = NO;
				DEBUG_INFORMATION_FORMAT = "dwarf-with-dsym";
				ENABLE_NS_ASSERTIONS = NO;
				ENABLE_STRICT_OBJC_MSGSEND = YES;
				GCC_C_LANGUAGE_STANDARD = gnu11;
				GCC_NO_COMMON_BLOCKS = YES;
				GCC_WARN_64_TO_32_BIT_CONVERSION = YES;
				GCC_WARN_ABOUT_RETURN_TYPE = YES_ERROR;
				GCC_WARN_UNDECLARED_SELECTOR = YES;
				GCC_WARN_UNINITIALIZED_AUTOS = YES_AGGRESSIVE;
				GCC_WARN_UNUSED_FUNCTION = YES;
				GCC_WARN_UNUSED_VARIABLE = YES;
				IPHONEOS_DEPLOYMENT_TARGET = 11.2;
				MTL_ENABLE_DEBUG_INFO = NO;
				SDKROOT = iphoneos;
				SWIFT_OPTIMIZATION_LEVEL = "-Owholemodule";
				VALIDATE_PRODUCT = YES;
			};
			name = Release;
		};
		9659594C205D88C2009EF77D /* Debug */ = {
			isa = XCBuildConfiguration;
			buildSettings = {
				ASSETCATALOG_COMPILER_APPICON_NAME = AppIcon;
				CODE_SIGN_STYLE = Automatic;
				DEVELOPMENT_TEAM = JXJ9GDPGJT;
				INFOPLIST_FILE = Algorithms/Info.plist;
				LD_RUNPATH_SEARCH_PATHS = "$(inherited) @executable_path/Frameworks";
				PRODUCT_BUNDLE_IDENTIFIER = com.santicarmo31.Algorithms;
				PRODUCT_NAME = "$(TARGET_NAME)";
				SWIFT_VERSION = 4.0;
				TARGETED_DEVICE_FAMILY = "1,2";
			};
			name = Debug;
		};
		9659594D205D88C2009EF77D /* Release */ = {
			isa = XCBuildConfiguration;
			buildSettings = {
				ASSETCATALOG_COMPILER_APPICON_NAME = AppIcon;
				CODE_SIGN_STYLE = Automatic;
				DEVELOPMENT_TEAM = JXJ9GDPGJT;
				INFOPLIST_FILE = Algorithms/Info.plist;
				LD_RUNPATH_SEARCH_PATHS = "$(inherited) @executable_path/Frameworks";
				PRODUCT_BUNDLE_IDENTIFIER = com.santicarmo31.Algorithms;
				PRODUCT_NAME = "$(TARGET_NAME)";
				SWIFT_VERSION = 4.0;
				TARGETED_DEVICE_FAMILY = "1,2";
			};
			name = Release;
		};
		9659594F205D88C2009EF77D /* Debug */ = {
			isa = XCBuildConfiguration;
			buildSettings = {
				ALWAYS_EMBED_SWIFT_STANDARD_LIBRARIES = YES;
				BUNDLE_LOADER = "$(TEST_HOST)";
				CODE_SIGN_STYLE = Automatic;
				DEVELOPMENT_TEAM = JXJ9GDPGJT;
				INFOPLIST_FILE = AlgorithmsTests/Info.plist;
				LD_RUNPATH_SEARCH_PATHS = "$(inherited) @executable_path/Frameworks @loader_path/Frameworks";
				PRODUCT_BUNDLE_IDENTIFIER = com.santicarmo31.AlgorithmsTests;
				PRODUCT_NAME = "$(TARGET_NAME)";
				SWIFT_VERSION = 4.0;
				TARGETED_DEVICE_FAMILY = "1,2";
				TEST_HOST = "$(BUILT_PRODUCTS_DIR)/Algorithms.app/Algorithms";
			};
			name = Debug;
		};
		96595950205D88C2009EF77D /* Release */ = {
			isa = XCBuildConfiguration;
			buildSettings = {
				ALWAYS_EMBED_SWIFT_STANDARD_LIBRARIES = YES;
				BUNDLE_LOADER = "$(TEST_HOST)";
				CODE_SIGN_STYLE = Automatic;
				DEVELOPMENT_TEAM = JXJ9GDPGJT;
				INFOPLIST_FILE = AlgorithmsTests/Info.plist;
				LD_RUNPATH_SEARCH_PATHS = "$(inherited) @executable_path/Frameworks @loader_path/Frameworks";
				PRODUCT_BUNDLE_IDENTIFIER = com.santicarmo31.AlgorithmsTests;
				PRODUCT_NAME = "$(TARGET_NAME)";
				SWIFT_VERSION = 4.0;
				TARGETED_DEVICE_FAMILY = "1,2";
				TEST_HOST = "$(BUILT_PRODUCTS_DIR)/Algorithms.app/Algorithms";
			};
			name = Release;
		};
/* End XCBuildConfiguration section */

/* Begin XCConfigurationList section */
		96595929205D88C2009EF77D /* Build configuration list for PBXProject "Algorithms" */ = {
			isa = XCConfigurationList;
			buildConfigurations = (
				96595949205D88C2009EF77D /* Debug */,
				9659594A205D88C2009EF77D /* Release */,
			);
			defaultConfigurationIsVisible = 0;
			defaultConfigurationName = Release;
		};
		9659594B205D88C2009EF77D /* Build configuration list for PBXNativeTarget "Algorithms" */ = {
			isa = XCConfigurationList;
			buildConfigurations = (
				9659594C205D88C2009EF77D /* Debug */,
				9659594D205D88C2009EF77D /* Release */,
			);
			defaultConfigurationIsVisible = 0;
			defaultConfigurationName = Release;
		};
		9659594E205D88C2009EF77D /* Build configuration list for PBXNativeTarget "AlgorithmsTests" */ = {
			isa = XCConfigurationList;
			buildConfigurations = (
				9659594F205D88C2009EF77D /* Debug */,
				96595950205D88C2009EF77D /* Release */,
			);
			defaultConfigurationIsVisible = 0;
			defaultConfigurationName = Release;
		};
/* End XCConfigurationList section */
	};
	rootObject = 96595926205D88C2009EF77D /* Project object */;
}
